Microsoft Visual Studio Solution File, Format Version 12.00
# Visual Studio Version 17
VisualStudioVersion = 17.5.2.0
MinimumVisualStudioVersion = 10.0.40219.1
Project("{FAE04EC0-301F-11D3-BF4B-00C04F79EFBC}") = "AutoCompleteComponent", "AutoCompleteComponent.csproj", "{B1FF611E-25F5-DD93-EC61-786D8CA46221}"
EndProject
Global
	GlobalSection(SolutionConfigurationPlatforms) = preSolution
		Debug|Any CPU = Debug|Any CPU
		Release|Any CPU = Release|Any CPU
	EndGlobalSection
	GlobalSection(ProjectConfigurationPlatforms) = postSolution
		{B1FF611E-25F5-DD93-EC61-786D8CA46221}.Debug|Any CPU.ActiveCfg = Debug|Any CPU
		{B1FF611E-25F5-DD93-EC61-786D8CA46221}.Debug|Any CPU.Build.0 = Debug|Any CPU
		{B1FF611E-25F5-DD93-EC61-786D8CA46221}.Release|Any CPU.ActiveCfg = Release|Any CPU
		{B1FF611E-25F5-DD93-EC61-786D8CA46221}.Release|Any CPU.Build.0 = Release|Any CPU
	EndGlobalSection
	GlobalSection(SolutionProperties) = preSolution
		HideSolutionNode = FALSE
	EndGlobalSection
	GlobalSection(ExtensibilityGlobals) = postSolution
		SolutionGuid = {04C03DA6-3009-487E-9BC1-CCAB223EADD1}
	EndGlobalSection
EndGlobal
